
Microsoft Visual Studio Solution File, Format Version 12.00
# Visual Studio Version 17
VisualStudioVersion = 17.5.002.0
MinimumVisualStudioVersion = 10.0.40219.1
Project("{2150E333-8FDC-42A3-9474-1A3956D46DE8}") = "Modules", "Modules", "{27204BF6-129E-4499-A4F4-6E205AD0AAE2}"
EndProject
Project("{2150E333-8FDC-42A3-9474-1A3956D46DE8}") = "CosmosDB", "CosmosDB", "{A72EAB42-6EC3-4750-BCB3-29AD3CA621FE}"
EndProject
Project("{2150E333-8FDC-42A3-9474-1A3956D46DE8}") = "4.7.0", "4.7.0", "{FBB807A2-352F-4F54-83B2-A26CD3079C87}"
EndProject
Project("{2150E333-8FDC-42A3-9474-1A3956D46DE8}") = "classes", "classes", "{A36A6378-5307-4F56-83B9-3DC7ACF39C52}"
EndProject
Project("{9A19103F-16F7-4668-BE54-9A1E7A4F7556}") = "CosmosDB", "Modules\CosmosDB\4.7.0\classes\CosmosDB\CosmosDB.csproj", "{6882FF93-B2AD-4355-884D-116E3C8D9AD5}"
EndProject
Global
	GlobalSection(SolutionConfigurationPlatforms) = preSolution
		Debug|Any CPU = Debug|Any CPU
		Release|Any CPU = Release|Any CPU
	EndGlobalSection
	GlobalSection(ProjectConfigurationPlatforms) = postSolution
		{6882FF93-B2AD-4355-884D-116E3C8D9AD5}.Debug|Any CPU.ActiveCfg = Debug|Any CPU
		{6882FF93-B2AD-4355-884D-116E3C8D9AD5}.Debug|Any CPU.Build.0 = Debug|Any CPU
		{6882FF93-B2AD-4355-884D-116E3C8D9AD5}.Release|Any CPU.ActiveCfg = Release|Any CPU
		{6882FF93-B2AD-4355-884D-116E3C8D9AD5}.Release|Any CPU.Build.0 = Release|Any CPU
	EndGlobalSection
	GlobalSection(SolutionProperties) = preSolution
		HideSolutionNode = FALSE
	EndGlobalSection
	GlobalSection(NestedProjects) = preSolution
		{A72EAB42-6EC3-4750-BCB3-29AD3CA621FE} = {27204BF6-129E-4499-A4F4-6E205AD0AAE2}
		{FBB807A2-352F-4F54-83B2-A26CD3079C87} = {A72EAB42-6EC3-4750-BCB3-29AD3CA621FE}
		{A36A6378-5307-4F56-83B9-3DC7ACF39C52} = {FBB807A2-352F-4F54-83B2-A26CD3079C87}
		{6882FF93-B2AD-4355-884D-116E3C8D9AD5} = {A36A6378-5307-4F56-83B9-3DC7ACF39C52}
	EndGlobalSection
	GlobalSection(ExtensibilityGlobals) = postSolution
		SolutionGuid = {606D7EF2-AB3A-4AD2-A9DF-D108E7329148}
	EndGlobalSection
EndGlobal
